// !$*UTF8*$!
{
	archiveVersion = 1;
	classes = {
	};
	objectVersion = 55;
	objects = {

/* Begin PBXBuildFile section */
		BFF7A1712760F82F00F6FF6E /* AppDelegate.swift in Sources */ = {isa = PBXBuildFile; fileRef = BFF7A1702760F82F00F6FF6E /* AppDelegate.swift */; };
		BFF7A1732760F82F00F6FF6E /* SceneDelegate.swift in Sources */ = {isa = PBXBuildFile; fileRef = BFF7A1722760F82F00F6FF6E /* SceneDelegate.swift */; };
		BFF7A1752760F82F00F6FF6E /* ViewController.swift in Sources */ = {isa = PBXBuildFile; fileRef = BFF7A1742760F82F00F6FF6E /* ViewController.swift */; };
		BFF7A1782760F82F00F6FF6E /* Main.storyboard in Resources */ = {isa = PBXBuildFile; fileRef = BFF7A1762760F82F00F6FF6E /* Main.storyboard */; };
		BFF7A17A2760F83200F6FF6E /* Assets.xcassets in Resources */ = {isa = PBXBuildFile; fileRef = BFF7A1792760F83200F6FF6E /* Assets.xcassets */; };
		BFF7A17D2760F83200F6FF6E /* LaunchScreen.storyboard in Resources */ = {isa = PBXBuildFile; fileRef = BFF7A17B2760F83200F6FF6E /* LaunchScreen.storyboard */; };
		BFF7A1852760F84D00F6FF6E /* ResultViewController.swift in Sources */ = {isa = PBXBuildFile; fileRef = BFF7A1842760F84D00F6FF6E /* ResultViewController.swift */; };
		BFF7A1872760F88000F6FF6E /* InfoViewController.swift in Sources */ = {isa = PBXBuildFile; fileRef = BFF7A1862760F88000F6FF6E /* InfoViewController.swift */; };
		BFF7A18E276431CA00F6FF6E /* BmiInfo.swift in Sources */ = {isa = PBXBuildFile; fileRef = BFF7A18D276431CA00F6FF6E /* BmiInfo.swift */; };
/* End PBXBuildFile section */

/* Begin PBXFileReference section */
		BFF7A16D2760F82F00F6FF6E /* BmiApp.app */ = {isa = PBXFileReference; explicitFileType = wrapper.application; includeInIndex = 0; path = BmiApp.app; sourceTree = BUILT_PRODUCTS_DIR; };
		BFF7A1702760F82F00F6FF6E /* AppDelegate.swift */ = {isa = PBXFileReference; lastKnownFileType = sourcecode.swift; path = AppDelegate.swift; sourceTree = "<group>"; };
		BFF7A1722760F82F00F6FF6E /* SceneDelegate.swift */ = {isa = PBXFileReference; lastKnownFileType = sourcecode.swift; path = SceneDelegate.swift; sourceTree = "<group>"; };
		BFF7A1742760F82F00F6FF6E /* ViewController.swift */ = {isa = PBXFileReference; lastKnownFileType = sourcecode.swift; path = ViewController.swift; sourceTree = "<group>"; };
		BFF7A1772760F82F00F6FF6E /* Base */ = {isa = PBXFileReference; lastKnownFileType = file.storyboard; name = Base; path = Base.lproj/Main.storyboard; sourceTree = "<group>"; };
		BFF7A1792760F83200F6FF6E /* Assets.xcassets */ = {isa = PBXFileReference; lastKnownFileType = folder.assetcatalog; path = Assets.xcassets; sourceTree = "<group>"; };
		BFF7A17C2760F83200F6FF6E /* Base */ = {isa = PBXFileReference; lastKnownFileType = file.storyboard; name = Base; path = Base.lproj/LaunchScreen.storyboard; sourceTree = "<group>"; };
		BFF7A17E2760F83200F6FF6E /* Info.plist */ = {isa = PBXFileReference; lastKnownFileType = text.plist.xml; path = Info.plist; sourceTree = "<group>"; };
		BFF7A1842760F84D00F6FF6E /* ResultViewController.swift */ = {isa = PBXFileReference; lastKnownFileType = sourcecode.swift; path = ResultViewController.swift; sourceTree = "<group>"; };
		BFF7A1862760F88000F6FF6E /* InfoViewController.swift */ = {isa = PBXFileReference; lastKnownFileType = sourcecode.swift; path = InfoViewController.swift; sourceTree = "<group>"; };
		BFF7A18D276431CA00F6FF6E /* BmiInfo.swift */ = {isa = PBXFileReference; lastKnownFileType = sourcecode.swift; path = BmiInfo.swift; sourceTree = "<group>"; };
/* End PBXFileReference section */

/* Begin PBXFrameworksBuildPhase section */
		BFF7A16A2760F82F00F6FF6E /* Frameworks */ = {
			isa = PBXFrameworksBuildPhase;
			buildActionMask = 2147483647;
			files = (
			);
			runOnlyForDeploymentPostprocessing = 0;
		};
/* End PBXFrameworksBuildPhase section */

/* Begin PBXGroup section */
		BFF7A1642760F82F00F6FF6E = {
			isa = PBXGroup;
			children = (
				BFF7A16F2760F82F00F6FF6E /* BmiApp */,
				BFF7A16E2760F82F00F6FF6E /* Products */,
			);
			sourceTree = "<group>";
		};
		BFF7A16E2760F82F00F6FF6E /* Products */ = {
			isa = PBXGroup;
			children = (
				BFF7A16D2760F82F00F6FF6E /* BmiApp.app */,
			);
			name = Products;
			sourceTree = "<group>";
		};
		BFF7A16F2760F82F00F6FF6E /* BmiApp */ = {
			isa = PBXGroup;
			children = (
				BFF7A1702760F82F00F6FF6E /* AppDelegate.swift */,
				BFF7A1722760F82F00F6FF6E /* SceneDelegate.swift */,
				BFF7A1742760F82F00F6FF6E /* ViewController.swift */,
				BFF7A1762760F82F00F6FF6E /* Main.storyboard */,
				BFF7A1792760F83200F6FF6E /* Assets.xcassets */,
				BFF7A17B2760F83200F6FF6E /* LaunchScreen.storyboard */,
				BFF7A17E2760F83200F6FF6E /* Info.plist */,
				BFF7A1842760F84D00F6FF6E /* ResultViewController.swift */,
				BFF7A1862760F88000F6FF6E /* InfoViewController.swift */,
				BFF7A18D276431CA00F6FF6E /* BmiInfo.swift */,
			);
			path = BmiApp;
			sourceTree = "<group>";
		};
/* End PBXGroup section */

/* Begin PBXNativeTarget section */
		BFF7A16C2760F82F00F6FF6E /* BmiApp */ = {
			isa = PBXNativeTarget;
			buildConfigurationList = BFF7A1812760F83200F6FF6E /* Build configuration list for PBXNativeTarget "BmiApp" */;
			buildPhases = (
				BFF7A1692760F82F00F6FF6E /* Sources */,
				BFF7A16A2760F82F00F6FF6E /* Frameworks */,
				BFF7A16B2760F82F00F6FF6E /* Resources */,
			);
			buildRules = (
			);
			dependencies = (
			);
			name = BmiApp;
			productName = BmiApp;
			productReference = BFF7A16D2760F82F00F6FF6E /* BmiApp.app */;
			productType = "com.apple.product-type.application";
		};
/* End PBXNativeTarget section */

/* Begin PBXProject section */
		BFF7A1652760F82F00F6FF6E /* Project object */ = {
			isa = PBXProject;
			attributes = {
				BuildIndependentTargetsInParallel = 1;
				LastSwiftUpdateCheck = 1310;
				LastUpgradeCheck = 1310;
				TargetAttributes = {
					BFF7A16C2760F82F00F6FF6E = {
						CreatedOnToolsVersion = 13.1;
					};
				};
			};
			buildConfigurationList = BFF7A1682760F82F00F6FF6E /* Build configuration list for PBXProject "BmiApp" */;
			compatibilityVersion = "Xcode 13.0";
			developmentRegion = en;
			hasScannedForEncodings = 0;
			knownRegions = (
				en,
				Base,
			);
			mainGroup = BFF7A1642760F82F00F6FF6E;
			productRefGroup = BFF7A16E2760F82F00F6FF6E /* Products */;
			projectDirPath = "";
			projectRoot = "";
			targets = (
				BFF7A16C2760F82F00F6FF6E /* BmiApp */,
			);
		};
/* End PBXProject section */

/* Begin PBXResourcesBuildPhase section */
		BFF7A16B2760F82F00F6FF6E /* Resources */ = {
			isa = PBXResourcesBuildPhase;
			buildActionMask = 2147483647;
			files = (
				BFF7A17D2760F83200F6FF6E /* LaunchScreen.storyboard in Resources */,
				BFF7A17A2760F83200F6FF6E /* Assets.xcassets in Resources */,
				BFF7A1782760F82F00F6FF6E /* Main.storyboard in Resources */,
			);
			runOnlyForDeploymentPostprocessing = 0;
		};
/* End PBXResourcesBuildPhase section */

/* Begin PBXSourcesBuildPhase section */
		BFF7A1692760F82F00F6FF6E /* Sources */ = {
			isa = PBXSourcesBuildPhase;
			buildActionMask = 2147483647;
			files = (
				BFF7A1752760F82F00F6FF6E /* ViewController.swift in Sources */,
				BFF7A1712760F82F00F6FF6E /* AppDelegate.swift in Sources */,
				BFF7A18E276431CA00F6FF6E /* BmiInfo.swift in Sources */,
				BFF7A1732760F82F00F6FF6E /* SceneDelegate.swift in Sources */,
				BFF7A1852760F84D00F6FF6E /* ResultViewController.swift in Sources */,
				BFF7A1872760F88000F6FF6E /* InfoViewController.swift in Sources */,
			);
			runOnlyForDeploymentPostprocessing = 0;
		};
/* End PBXSourcesBuildPhase section */

/* Begin PBXVariantGroup section */
		BFF7A1762760F82F00F6FF6E /* Main.storyboard */ = {
			isa = PBXVariantGroup;
			children = (
				BFF7A1772760F82F00F6FF6E /* Base */,
			);
			name = Main.storyboard;
			sourceTree = "<group>";
		};
		BFF7A17B2760F83200F6FF6E /* LaunchScreen.storyboard */ = {
			isa = PBXVariantGroup;
			children = (
				BFF7A17C2760F83200F6FF6E /* Base */,
			);
			name = LaunchScreen.storyboard;
			sourceTree = "<group>";
		};
/* End PBXVariantGroup section */

/* Begin XCBuildConfiguration section */
		BFF7A17F2760F83200F6FF6E /* Debug */ = {
			isa = XCBuildConfiguration;
			buildSettings = {
				ALWAYS_SEARCH_USER_PATHS = NO;
				CLANG_ANALYZER_NONNULL = YES;
				CLANG_ANALYZER_NUMBER_OBJECT_CONVERSION = YES_AGGRESSIVE;
				CLANG_CXX_LANGUAGE_STANDARD = "gnu++17";
				CLANG_CXX_LIBRARY = "libc++";
				CLANG_ENABLE_MODULES = YES;
				CLANG_ENABLE_OBJC_ARC = YES;
				CLANG_ENABLE_OBJC_WEAK = YES;
				CLANG_WARN_BLOCK_CAPTURE_AUTORELEASING = YES;
				CLANG_WARN_BOOL_CONVERSION = YES;
				CLANG_WARN_COMMA = YES;
				CLANG_WARN_CONSTANT_CONVERSION = YES;
				CLANG_WARN_DEPRECATED_OBJC_IMPLEMENTATIONS = YES;
				CLANG_WARN_DIRECT_OBJC_ISA_USAGE = YES_ERROR;
				CLANG_WARN_DOCUMENTATION_COMMENTS = YES;
				CLANG_WARN_EMPTY_BODY = YES;
				CLANG_WARN_ENUM_CONVERSION = YES;
				CLANG_WARN_INFINITE_RECURSION = YES;
				CLANG_WARN_INT_CONVERSION = YES;
				CLANG_WARN_NON_LITERAL_NULL_CONVERSION = YES;
				CLANG_WARN_OBJC_IMPLICIT_RETAIN_SELF = YES;
				CLANG_WARN_OBJC_LITERAL_CONVERSION = YES;
				CLANG_WARN_OBJC_ROOT_CLASS = YES_ERROR;
				CLANG_WARN_QUOTED_INCLUDE_IN_FRAMEWORK_HEADER = YES;
				CLANG_WARN_RANGE_LOOP_ANALYSIS = YES;
				CLANG_WARN_STRICT_PROTOTYPES = YES;
				CLANG_WARN_SUSPICIOUS_MOVE = YES;
				CLANG_WARN_UNGUARDED_AVAILABILITY = YES_AGGRESSIVE;
				CLANG_WARN_UNREACHABLE_CODE = YES;
				CLANG_WARN__DUPLICATE_METHOD_MATCH = YES;
				COPY_PHASE_STRIP = NO;
				DEBUG_INFORMATION_FORMAT = dwarf;
				ENABLE_STRICT_OBJC_MSGSEND = YES;
				ENABLE_TESTABILITY = YES;
				GCC_C_LANGUAGE_STANDARD = gnu11;
				GCC_DYNAMIC_NO_PIC = NO;
				GCC_NO_COMMON_BLOCKS = YES;
				GCC_OPTIMIZATION_LEVEL = 0;
				GCC_PREPROCESSOR_DEFINITIONS = (
					"DEBUG=1",
					"$(inherited)",
				);
				GCC_WARN_64_TO_32_BIT_CONVERSION = YES;
				GCC_WARN_ABOUT_RETURN_TYPE = YES_ERROR;
				GCC_WARN_UNDECLARED_SELECTOR = YES;
				GCC_WARN_UNINITIALIZED_AUTOS = YES_AGGRESSIVE;
				GCC_WARN_UNUSED_FUNCTION = YES;
				GCC_WARN_UNUSED_VARIABLE = YES;
				IPHONEOS_DEPLOYMENT_TARGET = 15.0;
				MTL_ENABLE_DEBUG_INFO = INCLUDE_SOURCE;
				MTL_FAST_MATH = YES;
				ONLY_ACTIVE_ARCH = YES;
				SDKROOT = iphoneos;
				SWIFT_ACTIVE_COMPILATION_CONDITIONS = DEBUG;
				SWIFT_OPTIMIZATION_LEVEL = "-Onone";
			};
			name = Debug;
		};
		BFF7A1802760F83200F6FF6E /* Release */ = {
			isa = XCBuildConfiguration;
			buildSettings = {
				ALWAYS_SEARCH_USER_PATHS = NO;
				CLANG_ANALYZER_NONNULL = YES;
				CLANG_ANALYZER_NUMBER_OBJECT_CONVERSION = YES_AGGRESSIVE;
				CLANG_CXX_LANGUAGE_STANDARD = "gnu++17";
				CLANG_CXX_LIBRARY = "libc++";
				CLANG_ENABLE_MODULES = YES;
				CLANG_ENABLE_OBJC_ARC = YES;
				CLANG_ENABLE_OBJC_WEAK = YES;
				CLANG_WARN_BLOCK_CAPTURE_AUTORELEASING = YES;
				CLANG_WARN_BOOL_CONVERSION = YES;
				CLANG_WARN_COMMA = YES;
				CLANG_WARN_CONSTANT_CONVERSION = YES;
				CLANG_WARN_DEPRECATED_OBJC_IMPLEMENTATIONS = YES;
				CLANG_WARN_DIRECT_OBJC_ISA_USAGE = YES_ERROR;
				CLANG_WARN_DOCUMENTATION_COMMENTS = YES;
				CLANG_WARN_EMPTY_BODY = YES;
				CLANG_WARN_ENUM_CONVERSION = YES;
				CLANG_WARN_INFINITE_RECURSION = YES;
				CLANG_WARN_INT_CONVERSION = YES;
				CLANG_WARN_NON_LITERAL_NULL_CONVERSION = YES;
				CLANG_WARN_OBJC_IMPLICIT_RETAIN_SELF = YES;
				CLANG_WARN_OBJC_LITERAL_CONVERSION = YES;
				CLANG_WARN_OBJC_ROOT_CLASS = YES_ERROR;
				CLANG_WARN_QUOTED_INCLUDE_IN_FRAMEWORK_HEADER = YES;
				CLANG_WARN_RANGE_LOOP_ANALYSIS = YES;
				CLANG_WARN_STRICT_PROTOTYPES = YES;
				CLANG_WARN_SUSPICIOUS_MOVE = YES;
				CLANG_WARN_UNGUARDED_AVAILABILITY = YES_AGGRESSIVE;
				CLANG_WARN_UNREACHABLE_CODE = YES;
				CLANG_WARN__DUPLICATE_METHOD_MATCH = YES;
				COPY_PHASE_STRIP = NO;
				DEBUG_INFORMATION_FORMAT = "dwarf-with-dsym";
				ENABLE_NS_ASSERTIONS = NO;
				ENABLE_STRICT_OBJC_MSGSEND = YES;
				GCC_C_LANGUAGE_STANDARD = gnu11;
				GCC_NO_COMMON_BLOCKS = YES;
				GCC_WARN_64_TO_32_BIT_CONVERSION = YES;
				GCC_WARN_ABOUT_RETURN_TYPE = YES_ERROR;
				GCC_WARN_UNDECLARED_SELECTOR = YES;
				GCC_WARN_UNINITIALIZED_AUTOS = YES_AGGRESSIVE;
				GCC_WARN_UNUSED_FUNCTION = YES;
				GCC_WARN_UNUSED_VARIABLE = YES;
				IPHONEOS_DEPLOYMENT_TARGET = 15.0;
				MTL_ENABLE_DEBUG_INFO = NO;
				MTL_FAST_MATH = YES;
				SDKROOT = iphoneos;
				SWIFT_COMPILATION_MODE = wholemodule;
				SWIFT_OPTIMIZATION_LEVEL = "-O";
				VALIDATE_PRODUCT = YES;
			};
			name = Release;
		};
		BFF7A1822760F83200F6FF6E /* Debug */ = {
			isa = XCBuildConfiguration;
			buildSettings = {
				ASSETCATALOG_COMPILER_APPICON_NAME = AppIcon;
				ASSETCATALOG_COMPILER_GLOBAL_ACCENT_COLOR_NAME = AccentColor;
				CODE_SIGN_STYLE = Automatic;
				CURRENT_PROJECT_VERSION = 1;
				GENERATE_INFOPLIST_FILE = YES;
				INFOPLIST_FILE = BmiApp/Info.plist;
				INFOPLIST_KEY_UIApplicationSupportsIndirectInputEvents = YES;
				INFOPLIST_KEY_UILaunchStoryboardName = LaunchScreen;
				INFOPLIST_KEY_UIMainStoryboardFile = Main;
				INFOPLIST_KEY_UISupportedInterfaceOrientations_iPad = "UIInterfaceOrientationPortrait UIInterfaceOrientationPortraitUpsideDown UIInterfaceOrientationLandscapeLeft UIInterfaceOrientationLandscapeRight";
				INFOPLIST_KEY_UISupportedInterfaceOrientations_iPhone = "UIInterfaceOrientationPortrait UIInterfaceOrientationLandscapeLeft UIInterfaceOrientationLandscapeRight";
				LD_RUNPATH_SEARCH_PATHS = (
					"$(inherited)",
					"@executable_path/Frameworks",
				);
				MARKETING_VERSION = 1.0;
				PRODUCT_BUNDLE_IDENTIFIER = com.karenchiu.BmiApp;
				PRODUCT_NAME = "$(TARGET_NAME)";
				SWIFT_EMIT_LOC_STRINGS = YES;
				SWIFT_VERSION = 5.0;
				TARGETED_DEVICE_FAMILY = "1,2";
			};
			name = Debug;
		};
		BFF7A1832760F83200F6FF6E /* Release */ = {
			isa = XCBuildConfiguration;
			buildSettings = {
				ASSETCATALOG_COMPILER_APPICON_NAME = AppIcon;
				ASSETCATALOG_COMPILER_GLOBAL_ACCENT_COLOR_NAME = AccentColor;
				CODE_SIGN_STYLE = Automatic;
				CURRENT_PROJECT_VERSION = 1;
				GENERATE_INFOPLIST_FILE = YES;
				INFOPLIST_FILE = BmiApp/Info.plist;
				INFOPLIST_KEY_UIApplicationSupportsIndirectInputEvents = YES;
				INFOPLIST_KEY_UILaunchStoryboardName = LaunchScreen;
				INFOPLIST_KEY_UIMainStoryboardFile = Main;
				INFOPLIST_KEY_UISupportedInterfaceOrientations_iPad = "UIInterfaceOrientationPortrait UIInterfaceOrientationPortraitUpsideDown UIInterfaceOrientationLandscapeLeft UIInterfaceOrientationLandscapeRight";
				INFOPLIST_KEY_UISupportedInterfaceOrientations_iPhone = "UIInterfaceOrientationPortrait UIInterfaceOrientationLandscapeLeft UIInterfaceOrientationLandscapeRight";
				LD_RUNPATH_SEARCH_PATHS = (
					"$(inherited)",
					"@executable_path/Frameworks",
				);
				MARKETING_VERSION = 1.0;
				PRODUCT_BUNDLE_IDENTIFIER = com.karenchiu.BmiApp;
				PRODUCT_NAME = "$(TARGET_NAME)";
				SWIFT_EMIT_LOC_STRINGS = YES;
				SWIFT_VERSION = 5.0;
				TARGETED_DEVICE_FAMILY = "1,2";
			};
			name = Release;
		};
/* End XCBuildConfiguration section */

/* Begin XCConfigurationList section */
		BFF7A1682760F82F00F6FF6E /* Build configuration list for PBXProject "BmiApp" */ = {
			isa = XCConfigurationList;
			buildConfigurations = (
				BFF7A17F2760F83200F6FF6E /* Debug */,
				BFF7A1802760F83200F6FF6E /* Release */,
			);
			defaultConfigurationIsVisible = 0;
			defaultConfigurationName = Release;
		};
		BFF7A1812760F83200F6FF6E /* Build configuration list for PBXNativeTarget "BmiApp" */ = {
			isa = XCConfigurationList;
			buildConfigurations = (
				BFF7A1822760F83200F6FF6E /* Debug */,
				BFF7A1832760F83200F6FF6E /* Release */,
			);
			defaultConfigurationIsVisible = 0;
			defaultConfigurationName = Release;
		};
/* End XCConfigurationList section */
	};
	rootObject = BFF7A1652760F82F00F6FF6E /* Project object */;
}
